
Microsoft Visual Studio Solution File, Format Version 12.00
# Visual Studio Version 17
VisualStudioVersion = 17.0.31410.414
MinimumVisualStudioVersion = 10.0.40219.1
Project("{FAE04EC0-301F-11D3-BF4B-00C04F79EFBC}") = "WebCheck", "WebCheck\WebCheck.csproj", "{EE2DE934-CAB8-469C-8485-A6EBB2C3A272}"
EndProject
Global
	GlobalSection(SolutionConfigurationPlatforms) = preSolution
		Debug|Any CPU = Debug|Any CPU
		Release|Any CPU = Release|Any CPU
	EndGlobalSection
	GlobalSection(ProjectConfigurationPlatforms) = postSolution
		{EE2DE934-CAB8-469C-8485-A6EBB2C3A272}.Debug|Any CPU.ActiveCfg = Debug|Any CPU
		{EE2DE934-CAB8-469C-8485-A6EBB2C3A272}.Debug|Any CPU.Build.0 = Debug|Any CPU
		{EE2DE934-CAB8-469C-8485-A6EBB2C3A272}.Release|Any CPU.ActiveCfg = Release|Any CPU
		{EE2DE934-CAB8-469C-8485-A6EBB2C3A272}.Release|Any CPU.Build.0 = Release|Any CPU
	EndGlobalSection
	GlobalSection(SolutionProperties) = preSolution
		HideSolutionNode = FALSE
	EndGlobalSection
	GlobalSection(ExtensibilityGlobals) = postSolution
		SolutionGuid = {962E6A60-B124-4D26-8C37-00425A032F90}
	EndGlobalSection
EndGlobal
